
Microsoft Visual Studio Solution File, Format Version 12.00
# Visual Studio Version 17
VisualStudioVersion = 17.6.33815.320
MinimumVisualStudioVersion = 10.0.40219.1
Project("{8BC9CEB8-8B4A-11D0-8D11-00A0C91BC942}") = "Project9.8.11", "Project9.8.11\Project9.8.11.vcxproj", "{7704F684-075B-4866-94BD-E0409B28D781}"
EndProject
Global
	GlobalSection(SolutionConfigurationPlatforms) = preSolution
		Debug|x64 = Debug|x64
		Debug|x86 = Debug|x86
		Release|x64 = Release|x64
		Release|x86 = Release|x86
	EndGlobalSection
	GlobalSection(ProjectConfigurationPlatforms) = postSolution
		{7704F684-075B-4866-94BD-E0409B28D781}.Debug|x64.ActiveCfg = Debug|x64
		{7704F684-075B-4866-94BD-E0409B28D781}.Debug|x64.Build.0 = Debug|x64
		{7704F684-075B-4866-94BD-E0409B28D781}.Debug|x86.ActiveCfg = Debug|Win32
		{7704F684-075B-4866-94BD-E0409B28D781}.Debug|x86.Build.0 = Debug|Win32
		{7704F684-075B-4866-94BD-E0409B28D781}.Release|x64.ActiveCfg = Release|x64
		{7704F684-075B-4866-94BD-E0409B28D781}.Release|x64.Build.0 = Release|x64
		{7704F684-075B-4866-94BD-E0409B28D781}.Release|x86.ActiveCfg = Release|Win32
		{7704F684-075B-4866-94BD-E0409B28D781}.Release|x86.Build.0 = Release|Win32
	EndGlobalSection
	GlobalSection(SolutionProperties) = preSolution
		HideSolutionNode = FALSE
	EndGlobalSection
	GlobalSection(ExtensibilityGlobals) = postSolution
		SolutionGuid = {4AEE2E48-521A-47DD-9F4F-3B5F055253E0}
	EndGlobalSection
EndGlobal
